
Microsoft Visual Studio Solution File, Format Version 12.00
# Visual Studio Version 16
VisualStudioVersion = 16.0.30804.86
MinimumVisualStudioVersion = 10.0.40219.1
Project("{FAE04EC0-301F-11D3-BF4B-00C04F79EFBC}") = "FastSets", "FastSets.csproj", "{551559E1-39FB-4AB8-8CB2-3E7A6482CC7C}"
EndProject
Global
	GlobalSection(SolutionConfigurationPlatforms) = preSolution
		Debug|Any CPU = Debug|Any CPU
		Release|Any CPU = Release|Any CPU
	EndGlobalSection
	GlobalSection(ProjectConfigurationPlatforms) = postSolution
		{551559E1-39FB-4AB8-8CB2-3E7A6482CC7C}.Debug|Any CPU.ActiveCfg = Debug|Any CPU
		{551559E1-39FB-4AB8-8CB2-3E7A6482CC7C}.Debug|Any CPU.Build.0 = Debug|Any CPU
		{551559E1-39FB-4AB8-8CB2-3E7A6482CC7C}.Release|Any CPU.ActiveCfg = Release|Any CPU
		{551559E1-39FB-4AB8-8CB2-3E7A6482CC7C}.Release|Any CPU.Build.0 = Release|Any CPU
	EndGlobalSection
	GlobalSection(SolutionProperties) = preSolution
		HideSolutionNode = FALSE
	EndGlobalSection
	GlobalSection(ExtensibilityGlobals) = postSolution
		SolutionGuid = {5DD6F5EB-4150-4477-849D-19F4807E3AC0}
	EndGlobalSection
EndGlobal
